// !$*UTF8*$!
{
	archiveVersion = 1;
	classes = {
	};
	objectVersion = 46;
	objects = {

/* Begin PBXBuildFile section */
		110AEC911AEE481F00F50482 /* main.m in Sources */ = {isa = PBXBuildFile; fileRef = 110AEC901AEE481F00F50482 /* main.m */; };
		110AEC941AEE481F00F50482 /* AppDelegate.m in Sources */ = {isa = PBXBuildFile; fileRef = 110AEC931AEE481F00F50482 /* AppDelegate.m */; };
		110AEC9A1AEE481F00F50482 /* Main.storyboard in Resources */ = {isa = PBXBuildFile; fileRef = 110AEC981AEE481F00F50482 /* Main.storyboard */; };
		110AEC9C1AEE481F00F50482 /* Images.xcassets in Resources */ = {isa = PBXBuildFile; fileRef = 110AEC9B1AEE481F00F50482 /* Images.xcassets */; };
		110AEC9F1AEE481F00F50482 /* LaunchScreen.xib in Resources */ = {isa = PBXBuildFile; fileRef = 110AEC9D1AEE481F00F50482 /* LaunchScreen.xib */; };
		110AECAB1AEE481F00F50482 /* ToDoListTests.m in Sources */ = {isa = PBXBuildFile; fileRef = 110AECAA1AEE481F00F50482 /* ToDoListTests.m */; };
		110AECB61AEE4CBB00F50482 /* AddToDoItemViewController.m in Sources */ = {isa = PBXBuildFile; fileRef = 110AECB51AEE4CBB00F50482 /* AddToDoItemViewController.m */; };
		110AECB91AEE4D3A00F50482 /* ToDoListTableViewController.m in Sources */ = {isa = PBXBuildFile; fileRef = 110AECB81AEE4D3A00F50482 /* ToDoListTableViewController.m */; };
/* End PBXBuildFile section */

/* Begin PBXContainerItemProxy section */
		110AECA51AEE481F00F50482 /* PBXContainerItemProxy */ = {
			isa = PBXContainerItemProxy;
			containerPortal = 110AEC831AEE481F00F50482 /* Project object */;
			proxyType = 1;
			remoteGlobalIDString = 110AEC8A1AEE481F00F50482;
			remoteInfo = ToDoList;
		};
/* End PBXContainerItemProxy section */

/* Begin PBXFileReference section */
		110AEC8B1AEE481F00F50482 /* ToDoList.app */ = {isa = PBXFileReference; explicitFileType = wrapper.application; includeInIndex = 0; path = ToDoList.app; sourceTree = BUILT_PRODUCTS_DIR; };
		110AEC8F1AEE481F00F50482 /* Info.plist */ = {isa = PBXFileReference; lastKnownFileType = text.plist.xml; path = Info.plist; sourceTree = "<group>"; };
		110AEC901AEE481F00F50482 /* main.m */ = {isa = PBXFileReference; lastKnownFileType = sourcecode.c.objc; path = main.m; sourceTree = "<group>"; };
		110AEC921AEE481F00F50482 /* AppDelegate.h */ = {isa = PBXFileReference; lastKnownFileType = sourcecode.c.h; path = AppDelegate.h; sourceTree = "<group>"; };
		110AEC931AEE481F00F50482 /* AppDelegate.m */ = {isa = PBXFileReference; lastKnownFileType = sourcecode.c.objc; path = AppDelegate.m; sourceTree = "<group>"; };
		110AEC991AEE481F00F50482 /* Base */ = {isa = PBXFileReference; lastKnownFileType = file.storyboard; name = Base; path = Base.lproj/Main.storyboard; sourceTree = "<group>"; };
		110AEC9B1AEE481F00F50482 /* Images.xcassets */ = {isa = PBXFileReference; lastKnownFileType = folder.assetcatalog; path = Images.xcassets; sourceTree = "<group>"; };
		110AEC9E1AEE481F00F50482 /* Base */ = {isa = PBXFileReference; lastKnownFileType = file.xib; name = Base; path = Base.lproj/LaunchScreen.xib; sourceTree = "<group>"; };
		110AECA41AEE481F00F50482 /* ToDoListTests.xctest */ = {isa = PBXFileReference; explicitFileType = wrapper.cfbundle; includeInIndex = 0; path = ToDoListTests.xctest; sourceTree = BUILT_PRODUCTS_DIR; };
		110AECA91AEE481F00F50482 /* Info.plist */ = {isa = PBXFileReference; lastKnownFileType = text.plist.xml; path = Info.plist; sourceTree = "<group>"; };
		110AECAA1AEE481F00F50482 /* ToDoListTests.m */ = {isa = PBXFileReference; lastKnownFileType = sourcecode.c.objc; path = ToDoListTests.m; sourceTree = "<group>"; };
		110AECB41AEE4CBB00F50482 /* AddToDoItemViewController.h */ = {isa = PBXFileReference; fileEncoding = 4; lastKnownFileType = sourcecode.c.h; name = AddToDoItemViewController.h; path = ToDoList/AddToDoItemViewController.h; sourceTree = "<group>"; };
		110AECB51AEE4CBB00F50482 /* AddToDoItemViewController.m */ = {isa = PBXFileReference; fileEncoding = 4; lastKnownFileType = sourcecode.c.objc; name = AddToDoItemViewController.m; path = ToDoList/AddToDoItemViewController.m; sourceTree = "<group>"; };
		110AECB71AEE4D3A00F50482 /* ToDoListTableViewController.h */ = {isa = PBXFileReference; fileEncoding = 4; lastKnownFileType = sourcecode.c.h; path = ToDoListTableViewController.h; sourceTree = "<group>"; };
		110AECB81AEE4D3A00F50482 /* ToDoListTableViewController.m */ = {isa = PBXFileReference; fileEncoding = 4; lastKnownFileType = sourcecode.c.objc; path = ToDoListTableViewController.m; sourceTree = "<group>"; };
/* End PBXFileReference section */

/* Begin PBXFrameworksBuildPhase section */
		110AEC881AEE481F00F50482 /* Frameworks */ = {
			isa = PBXFrameworksBuildPhase;
			buildActionMask = 2147483647;
			files = (
			);
			runOnlyForDeploymentPostprocessing = 0;
		};
		110AECA11AEE481F00F50482 /* Frameworks */ = {
			isa = PBXFrameworksBuildPhase;
			buildActionMask = 2147483647;
			files = (
			);
			runOnlyForDeploymentPostprocessing = 0;
		};
/* End PBXFrameworksBuildPhase section */

/* Begin PBXGroup section */
		110AEC821AEE481F00F50482 = {
			isa = PBXGroup;
			children = (
				110AECB41AEE4CBB00F50482 /* AddToDoItemViewController.h */,
				110AECB51AEE4CBB00F50482 /* AddToDoItemViewController.m */,
				110AEC8D1AEE481F00F50482 /* ToDoList */,
				110AECA71AEE481F00F50482 /* ToDoListTests */,
				110AEC8C1AEE481F00F50482 /* Products */,
			);
			sourceTree = "<group>";
		};
		110AEC8C1AEE481F00F50482 /* Products */ = {
			isa = PBXGroup;
			children = (
				110AEC8B1AEE481F00F50482 /* ToDoList.app */,
				110AECA41AEE481F00F50482 /* ToDoListTests.xctest */,
			);
			name = Products;
			sourceTree = "<group>";
		};
		110AEC8D1AEE481F00F50482 /* ToDoList */ = {
			isa = PBXGroup;
			children = (
				110AEC921AEE481F00F50482 /* AppDelegate.h */,
				110AEC931AEE481F00F50482 /* AppDelegate.m */,
				110AEC981AEE481F00F50482 /* Main.storyboard */,
				110AECB71AEE4D3A00F50482 /* ToDoListTableViewController.h */,
				110AECB81AEE4D3A00F50482 /* ToDoListTableViewController.m */,
				110AEC9B1AEE481F00F50482 /* Images.xcassets */,
				110AEC9D1AEE481F00F50482 /* LaunchScreen.xib */,
				110AEC8E1AEE481F00F50482 /* Supporting Files */,
			);
			path = ToDoList;
			sourceTree = "<group>";
		};
		110AEC8E1AEE481F00F50482 /* Supporting Files */ = {
			isa = PBXGroup;
			children = (
				110AEC8F1AEE481F00F50482 /* Info.plist */,
				110AEC901AEE481F00F50482 /* main.m */,
			);
			name = "Supporting Files";
			sourceTree = "<group>";
		};
		110AECA71AEE481F00F50482 /* ToDoListTests */ = {
			isa = PBXGroup;
			children = (
				110AECAA1AEE481F00F50482 /* ToDoListTests.m */,
				110AECA81AEE481F00F50482 /* Supporting Files */,
			);
			path = ToDoListTests;
			sourceTree = "<group>";
		};
		110AECA81AEE481F00F50482 /* Supporting Files */ = {
			isa = PBXGroup;
			children = (
				110AECA91AEE481F00F50482 /* Info.plist */,
			);
			name = "Supporting Files";
			sourceTree = "<group>";
		};
/* End PBXGroup section */

/* Begin PBXNativeTarget section */
		110AEC8A1AEE481F00F50482 /* ToDoList */ = {
			isa = PBXNativeTarget;
			buildConfigurationList = 110AECAE1AEE481F00F50482 /* Build configuration list for PBXNativeTarget "ToDoList" */;
			buildPhases = (
				110AEC871AEE481F00F50482 /* Sources */,
				110AEC881AEE481F00F50482 /* Frameworks */,
				110AEC891AEE481F00F50482 /* Resources */,
			);
			buildRules = (
			);
			dependencies = (
			);
			name = ToDoList;
			productName = ToDoList;
			productReference = 110AEC8B1AEE481F00F50482 /* ToDoList.app */;
			productType = "com.apple.product-type.application";
		};
		110AECA31AEE481F00F50482 /* ToDoListTests */ = {
			isa = PBXNativeTarget;
			buildConfigurationList = 110AECB11AEE481F00F50482 /* Build configuration list for PBXNativeTarget "ToDoListTests" */;
			buildPhases = (
				110AECA01AEE481F00F50482 /* Sources */,
				110AECA11AEE481F00F50482 /* Frameworks */,
				110AECA21AEE481F00F50482 /* Resources */,
			);
			buildRules = (
			);
			dependencies = (
				110AECA61AEE481F00F50482 /* PBXTargetDependency */,
			);
			name = ToDoListTests;
			productName = ToDoListTests;
			productReference = 110AECA41AEE481F00F50482 /* ToDoListTests.xctest */;
			productType = "com.apple.product-type.bundle.unit-test";
		};
/* End PBXNativeTarget section */

/* Begin PBXProject section */
		110AEC831AEE481F00F50482 /* Project object */ = {
			isa = PBXProject;
			attributes = {
				LastUpgradeCheck = 0630;
				ORGANIZATIONNAME = HeathG;
				TargetAttributes = {
					110AEC8A1AEE481F00F50482 = {
						CreatedOnToolsVersion = 6.3.1;
					};
					110AECA31AEE481F00F50482 = {
						CreatedOnToolsVersion = 6.3.1;
						TestTargetID = 110AEC8A1AEE481F00F50482;
					};
				};
			};
			buildConfigurationList = 110AEC861AEE481F00F50482 /* Build configuration list for PBXProject "ToDoList" */;
			compatibilityVersion = "Xcode 3.2";
			developmentRegion = English;
			hasScannedForEncodings = 0;
			knownRegions = (
				en,
				Base,
			);
			mainGroup = 110AEC821AEE481F00F50482;
			productRefGroup = 110AEC8C1AEE481F00F50482 /* Products */;
			projectDirPath = "";
			projectRoot = "";
			targets = (
				110AEC8A1AEE481F00F50482 /* ToDoList */,
				110AECA31AEE481F00F50482 /* ToDoListTests */,
			);
		};
/* End PBXProject section */

/* Begin PBXResourcesBuildPhase section */
		110AEC891AEE481F00F50482 /* Resources */ = {
			isa = PBXResourcesBuildPhase;
			buildActionMask = 2147483647;
			files = (
				110AEC9A1AEE481F00F50482 /* Main.storyboard in Resources */,
				110AEC9F1AEE481F00F50482 /* LaunchScreen.xib in Resources */,
				110AEC9C1AEE481F00F50482 /* Images.xcassets in Resources */,
			);
			runOnlyForDeploymentPostprocessing = 0;
		};
		110AECA21AEE481F00F50482 /* Resources */ = {
			isa = PBXResourcesBuildPhase;
			buildActionMask = 2147483647;
			files = (
			);
			runOnlyForDeploymentPostprocessing = 0;
		};
/* End PBXResourcesBuildPhase section */

/* Begin PBXSourcesBuildPhase section */
		110AEC871AEE481F00F50482 /* Sources */ = {
			isa = PBXSourcesBuildPhase;
			buildActionMask = 2147483647;
			files = (
				110AEC941AEE481F00F50482 /* AppDelegate.m in Sources */,
				110AECB91AEE4D3A00F50482 /* ToDoListTableViewController.m in Sources */,
				110AEC911AEE481F00F50482 /* main.m in Sources */,
				110AECB61AEE4CBB00F50482 /* AddToDoItemViewController.m in Sources */,
			);
			runOnlyForDeploymentPostprocessing = 0;
		};
		110AECA01AEE481F00F50482 /* Sources */ = {
			isa = PBXSourcesBuildPhase;
			buildActionMask = 2147483647;
			files = (
				110AECAB1AEE481F00F50482 /* ToDoListTests.m in Sources */,
			);
			runOnlyForDeploymentPostprocessing = 0;
		};
/* End PBXSourcesBuildPhase section */

/* Begin PBXTargetDependency section */
		110AECA61AEE481F00F50482 /* PBXTargetDependency */ = {
			isa = PBXTargetDependency;
			target = 110AEC8A1AEE481F00F50482 /* ToDoList */;
			targetProxy = 110AECA51AEE481F00F50482 /* PBXContainerItemProxy */;
		};
/* End PBXTargetDependency section */

/* Begin PBXVariantGroup section */
		110AEC981AEE481F00F50482 /* Main.storyboard */ = {
			isa = PBXVariantGroup;
			children = (
				110AEC991AEE481F00F50482 /* Base */,
			);
			name = Main.storyboard;
			sourceTree = "<group>";
		};
		110AEC9D1AEE481F00F50482 /* LaunchScreen.xib */ = {
			isa = PBXVariantGroup;
			children = (
				110AEC9E1AEE481F00F50482 /* Base */,
			);
			name = LaunchScreen.xib;
			sourceTree = "<group>";
		};
/* End PBXVariantGroup section */

/* Begin XCBuildConfiguration section */
		110AECAC1AEE481F00F50482 /* Debug */ = {
			isa = XCBuildConfiguration;
			buildSettings = {
				ALWAYS_SEARCH_USER_PATHS = NO;
				CLANG_CXX_LANGUAGE_STANDARD = "gnu++0x";
				CLANG_CXX_LIBRARY = "libc++";
				CLANG_ENABLE_MODULES = YES;
				CLANG_ENABLE_OBJC_ARC = YES;
				CLANG_WARN_BOOL_CONVERSION = YES;
				CLANG_WARN_CONSTANT_CONVERSION = YES;
				CLANG_WARN_DIRECT_OBJC_ISA_USAGE = YES_ERROR;
				CLANG_WARN_EMPTY_BODY = YES;
				CLANG_WARN_ENUM_CONVERSION = YES;
				CLANG_WARN_INT_CONVERSION = YES;
				CLANG_WARN_OBJC_ROOT_CLASS = YES_ERROR;
				CLANG_WARN_UNREACHABLE_CODE = YES;
				CLANG_WARN__DUPLICATE_METHOD_MATCH = YES;
				"CODE_SIGN_IDENTITY[sdk=iphoneos*]" = "iPhone Developer";
				COPY_PHASE_STRIP = NO;
				DEBUG_INFORMATION_FORMAT = "dwarf-with-dsym";
				ENABLE_STRICT_OBJC_MSGSEND = YES;
				GCC_C_LANGUAGE_STANDARD = gnu99;
				GCC_DYNAMIC_NO_PIC = NO;
				GCC_NO_COMMON_BLOCKS = YES;
				GCC_OPTIMIZATION_LEVEL = 0;
				GCC_PREPROCESSOR_DEFINITIONS = (
					"DEBUG=1",
					"$(inherited)",
				);
				GCC_SYMBOLS_PRIVATE_EXTERN = NO;
				GCC_WARN_64_TO_32_BIT_CONVERSION = YES;
				GCC_WARN_ABOUT_RETURN_TYPE = YES_ERROR;
				GCC_WARN_UNDECLARED_SELECTOR = YES;
				GCC_WARN_UNINITIALIZED_AUTOS = YES_AGGRESSIVE;
				GCC_WARN_UNUSED_FUNCTION = YES;
				GCC_WARN_UNUSED_VARIABLE = YES;
				IPHONEOS_DEPLOYMENT_TARGET = 8.3;
				MTL_ENABLE_DEBUG_INFO = YES;
				ONLY_ACTIVE_ARCH = YES;
				SDKROOT = iphoneos;
				TARGETED_DEVICE_FAMILY = "1,2";
			};
			name = Debug;
		};
		110AECAD1AEE481F00F50482 /* Release */ = {
			isa = XCBuildConfiguration;
			buildSettings = {
				ALWAYS_SEARCH_USER_PATHS = NO;
				CLANG_CXX_LANGUAGE_STANDARD = "gnu++0x";
				CLANG_CXX_LIBRARY = "libc++";
				CLANG_ENABLE_MODULES = YES;
				CLANG_ENABLE_OBJC_ARC = YES;
				CLANG_WARN_BOOL_CONVERSION = YES;
				CLANG_WARN_CONSTANT_CONVERSION = YES;
				CLANG_WARN_DIRECT_OBJC_ISA_USAGE = YES_ERROR;
				CLANG_WARN_EMPTY_BODY = YES;
				CLANG_WARN_ENUM_CONVERSION = YES;
				CLANG_WARN_INT_CONVERSION = YES;
				CLANG_WARN_OBJC_ROOT_CLASS = YES_ERROR;
				CLANG_WARN_UNREACHABLE_CODE = YES;
				CLANG_WARN__DUPLICATE_METHOD_MATCH = YES;
				"CODE_SIGN_IDENTITY[sdk=iphoneos*]" = "iPhone Developer";
				COPY_PHASE_STRIP = NO;
				DEBUG_INFORMATION_FORMAT = "dwarf-with-dsym";
				ENABLE_NS_ASSERTIONS = NO;
				ENABLE_STRICT_OBJC_MSGSEND = YES;
				GCC_C_LANGUAGE_STANDARD = gnu99;
				GCC_NO_COMMON_BLOCKS = YES;
				GCC_WARN_64_TO_32_BIT_CONVERSION = YES;
				GCC_WARN_ABOUT_RETURN_TYPE = YES_ERROR;
				GCC_WARN_UNDECLARED_SELECTOR = YES;
				GCC_WARN_UNINITIALIZED_AUTOS = YES_AGGRESSIVE;
				GCC_WARN_UNUSED_FUNCTION = YES;
				GCC_WARN_UNUSED_VARIABLE = YES;
				IPHONEOS_DEPLOYMENT_TARGET = 8.3;
				MTL_ENABLE_DEBUG_INFO = NO;
				SDKROOT = iphoneos;
				TARGETED_DEVICE_FAMILY = "1,2";
				VALIDATE_PRODUCT = YES;
			};
			name = Release;
		};
		110AECAF1AEE481F00F50482 /* Debug */ = {
			isa = XCBuildConfiguration;
			buildSettings = {
				ASSETCATALOG_COMPILER_APPICON_NAME = AppIcon;
				INFOPLIST_FILE = ToDoList/Info.plist;
				LD_RUNPATH_SEARCH_PATHS = "$(inherited) @executable_path/Frameworks";
				PRODUCT_NAME = "$(TARGET_NAME)";
			};
			name = Debug;
		};
		110AECB01AEE481F00F50482 /* Release */ = {
			isa = XCBuildConfiguration;
			buildSettings = {
				ASSETCATALOG_COMPILER_APPICON_NAME = AppIcon;
				INFOPLIST_FILE = ToDoList/Info.plist;
				LD_RUNPATH_SEARCH_PATHS = "$(inherited) @executable_path/Frameworks";
				PRODUCT_NAME = "$(TARGET_NAME)";
			};
			name = Release;
		};
		110AECB21AEE481F00F50482 /* Debug */ = {
			isa = XCBuildConfiguration;
			buildSettings = {
				BUNDLE_LOADER = "$(TEST_HOST)";
				FRAMEWORK_SEARCH_PATHS = (
					"$(SDKROOT)/Developer/Library/Frameworks",
					"$(inherited)",
				);
				GCC_PREPROCESSOR_DEFINITIONS = (
					"DEBUG=1",
					"$(inherited)",
				);
				INFOPLIST_FILE = ToDoListTests/Info.plist;
				LD_RUNPATH_SEARCH_PATHS = "$(inherited) @executable_path/Frameworks @loader_path/Frameworks";
				PRODUCT_NAME = "$(TARGET_NAME)";
				TEST_HOST = "$(BUILT_PRODUCTS_DIR)/ToDoList.app/ToDoList";
			};
			name = Debug;
		};
		110AECB31AEE481F00F50482 /* Release */ = {
			isa = XCBuildConfiguration;
			buildSettings = {
				BUNDLE_LOADER = "$(TEST_HOST)";
				FRAMEWORK_SEARCH_PATHS = (
					"$(SDKROOT)/Developer/Library/Frameworks",
					"$(inherited)",
				);
				INFOPLIST_FILE = ToDoListTests/Info.plist;
				LD_RUNPATH_SEARCH_PATHS = "$(inherited) @executable_path/Frameworks @loader_path/Frameworks";
				PRODUCT_NAME = "$(TARGET_NAME)";
				TEST_HOST = "$(BUILT_PRODUCTS_DIR)/ToDoList.app/ToDoList";
			};
			name = Release;
		};
/* End XCBuildConfiguration section */

/* Begin XCConfigurationList section */
		110AEC861AEE481F00F50482 /* Build configuration list for PBXProject "ToDoList" */ = {
			isa = XCConfigurationList;
			buildConfigurations = (
				110AECAC1AEE481F00F50482 /* Debug */,
				110AECAD1AEE481F00F50482 /* Release */,
			);
			defaultConfigurationIsVisible = 0;
			defaultConfigurationName = Release;
		};
		110AECAE1AEE481F00F50482 /* Build configuration list for PBXNativeTarget "ToDoList" */ = {
			isa = XCConfigurationList;
			buildConfigurations = (
				110AECAF1AEE481F00F50482 /* Debug */,
				110AECB01AEE481F00F50482 /* Release */,
			);
			defaultConfigurationIsVisible = 0;
		};
		110AECB11AEE481F00F50482 /* Build configuration list for PBXNativeTarget "ToDoListTests" */ = {
			isa = XCConfigurationList;
			buildConfigurations = (
				110AECB21AEE481F00F50482 /* Debug */,
				110AECB31AEE481F00F50482 /* Release */,
			);
			defaultConfigurationIsVisible = 0;
		};
/* End XCConfigurationList section */
	};
	rootObject = 110AEC831AEE481F00F50482 /* Project object */;
}
